
Microsoft Visual Studio Solution File, Format Version 12.00
# Visual Studio Version 16
VisualStudioVersion = 16.0.32602.291
MinimumVisualStudioVersion = 10.0.40219.1
Project("{2150E333-8FDC-42A3-9474-1A3956D46DE8}") = "01 - Arrays", "01 - Arrays", "{09789F64-CC7D-483F-9DA1-51108E08A4CA}"
EndProject
Project("{FAE04EC0-301F-11D3-BF4B-00C04F79EFBC}") = "Arrays", "Arrays\Arrays.csproj", "{70D005D3-A682-4DCB-BDBF-C822E6D48274}"
EndProject
Project("{2150E333-8FDC-42A3-9474-1A3956D46DE8}") = "02 - Lista", "02 - Lista", "{0EF88876-27C5-4AE3-8E56-3BD165A31A00}"
EndProject
Project("{FAE04EC0-301F-11D3-BF4B-00C04F79EFBC}") = "Lista", "Lista\Lista.csproj", "{BB397055-9F3E-4F43-B51A-D43BF5C6C036}"
EndProject
Project("{FAE04EC0-301F-11D3-BF4B-00C04F79EFBC}") = "ListasDeObjetos", "ListasDeObjetos\ListasDeObjetos.csproj", "{D679B2EC-90FE-46A0-95CA-5457AB13A81E}"
EndProject
Project("{FAE04EC0-301F-11D3-BF4B-00C04F79EFBC}") = "ListaSomenteLeitura", "ListaSomenteLeitura\ListaSomenteLeitura.csproj", "{7E5458F4-34EE-4973-B461-4BAD11ED5006}"
EndProject
Project("{2150E333-8FDC-42A3-9474-1A3956D46DE8}") = "03 - O Poder Dos Sets", "03 - O Poder Dos Sets", "{A6C93824-6D6D-42BC-8092-ACA9A960DA92}"
EndProject
Project("{FAE04EC0-301F-11D3-BF4B-00C04F79EFBC}") = "O Poder Dos Sets", "O Poder Dos Sets\O Poder Dos Sets.csproj", "{54DA48D2-C0B0-46B3-81E3-2D35E3569265}"
EndProject
Project("{2150E333-8FDC-42A3-9474-1A3956D46DE8}") = "03.1", "03.1", "{EE529F6F-0A48-4B6B-ADB0-F1E560A5F9FB}"
EndProject
Project("{FAE04EC0-301F-11D3-BF4B-00C04F79EFBC}") = "SetNoModelo", "SetNoModelo\SetNoModelo.csproj", "{3F70EA4C-2727-4361-B43E-D69B8B71E4F5}"
EndProject
Project("{2150E333-8FDC-42A3-9474-1A3956D46DE8}") = "03.2", "03.2", "{759E39F3-144D-4286-928B-41D6BCC4BB35}"
EndProject
Project("{FAE04EC0-301F-11D3-BF4B-00C04F79EFBC}") = "EqualsEHashCode", "EqualsEHashCode\EqualsEHashCode.csproj", "{ACE48C5F-5754-4718-B671-4C25CE480303}"
EndProject
Project("{2150E333-8FDC-42A3-9474-1A3956D46DE8}") = "04 - Dicionários, Chave e Valor", "04 - Dicionários, Chave e Valor", "{8FE56D35-B064-4318-BA94-68DDF9F41355}"
EndProject
Project("{FAE04EC0-301F-11D3-BF4B-00C04F79EFBC}") = "Dictionary", "Dictionary\Dictionary.csproj", "{D83B54EC-DCE3-47DB-A37F-CE656A381318}"
EndProject
Project("{2150E333-8FDC-42A3-9474-1A3956D46DE8}") = "05 - LinkedList", "05 - LinkedList", "{206F1B8D-79D8-4F29-A95F-4CB8FE2D3EFE}"
EndProject
Project("{2150E333-8FDC-42A3-9474-1A3956D46DE8}") = "05.1 - Stack", "05.1 - Stack", "{446AFE77-F322-4B7B-ABF3-8C8D3A025DA2}"
EndProject
Project("{2150E333-8FDC-42A3-9474-1A3956D46DE8}") = "05.2 - Queue", "05.2 - Queue", "{ADFD6147-71D1-4526-9939-477760F7E2CF}"
EndProject
Project("{FAE04EC0-301F-11D3-BF4B-00C04F79EFBC}") = "LinkedList", "LinkedList\LinkedList.csproj", "{0DD2C505-AB8C-492B-B6C7-0B4533FC50FB}"
EndProject
Project("{FAE04EC0-301F-11D3-BF4B-00C04F79EFBC}") = "Stack", "Stack\Stack.csproj", "{DAF1F3F4-9B04-4566-B2A7-8A9E8917FCD1}"
EndProject
Project("{FAE04EC0-301F-11D3-BF4B-00C04F79EFBC}") = "Queue", "Queue\Queue.csproj", "{39415173-D3CE-435A-90BC-6D583925D0A7}"
EndProject
Global
	GlobalSection(SolutionConfigurationPlatforms) = preSolution
		Debug|Any CPU = Debug|Any CPU
		Release|Any CPU = Release|Any CPU
	EndGlobalSection
	GlobalSection(ProjectConfigurationPlatforms) = postSolution
		{70D005D3-A682-4DCB-BDBF-C822E6D48274}.Debug|Any CPU.ActiveCfg = Debug|Any CPU
		{70D005D3-A682-4DCB-BDBF-C822E6D48274}.Debug|Any CPU.Build.0 = Debug|Any CPU
		{70D005D3-A682-4DCB-BDBF-C822E6D48274}.Release|Any CPU.ActiveCfg = Release|Any CPU
		{70D005D3-A682-4DCB-BDBF-C822E6D48274}.Release|Any CPU.Build.0 = Release|Any CPU
		{BB397055-9F3E-4F43-B51A-D43BF5C6C036}.Debug|Any CPU.ActiveCfg = Debug|Any CPU
		{BB397055-9F3E-4F43-B51A-D43BF5C6C036}.Debug|Any CPU.Build.0 = Debug|Any CPU
		{BB397055-9F3E-4F43-B51A-D43BF5C6C036}.Release|Any CPU.ActiveCfg = Release|Any CPU
		{BB397055-9F3E-4F43-B51A-D43BF5C6C036}.Release|Any CPU.Build.0 = Release|Any CPU
		{D679B2EC-90FE-46A0-95CA-5457AB13A81E}.Debug|Any CPU.ActiveCfg = Debug|Any CPU
		{D679B2EC-90FE-46A0-95CA-5457AB13A81E}.Debug|Any CPU.Build.0 = Debug|Any CPU
		{D679B2EC-90FE-46A0-95CA-5457AB13A81E}.Release|Any CPU.ActiveCfg = Release|Any CPU
		{D679B2EC-90FE-46A0-95CA-5457AB13A81E}.Release|Any CPU.Build.0 = Release|Any CPU
		{7E5458F4-34EE-4973-B461-4BAD11ED5006}.Debug|Any CPU.ActiveCfg = Debug|Any CPU
		{7E5458F4-34EE-4973-B461-4BAD11ED5006}.Debug|Any CPU.Build.0 = Debug|Any CPU
		{7E5458F4-34EE-4973-B461-4BAD11ED5006}.Release|Any CPU.ActiveCfg = Release|Any CPU
		{7E5458F4-34EE-4973-B461-4BAD11ED5006}.Release|Any CPU.Build.0 = Release|Any CPU
		{54DA48D2-C0B0-46B3-81E3-2D35E3569265}.Debug|Any CPU.ActiveCfg = Debug|Any CPU
		{54DA48D2-C0B0-46B3-81E3-2D35E3569265}.Debug|Any CPU.Build.0 = Debug|Any CPU
		{54DA48D2-C0B0-46B3-81E3-2D35E3569265}.Release|Any CPU.ActiveCfg = Release|Any CPU
		{54DA48D2-C0B0-46B3-81E3-2D35E3569265}.Release|Any CPU.Build.0 = Release|Any CPU
		{3F70EA4C-2727-4361-B43E-D69B8B71E4F5}.Debug|Any CPU.ActiveCfg = Debug|Any CPU
		{3F70EA4C-2727-4361-B43E-D69B8B71E4F5}.Debug|Any CPU.Build.0 = Debug|Any CPU
		{3F70EA4C-2727-4361-B43E-D69B8B71E4F5}.Release|Any CPU.ActiveCfg = Release|Any CPU
		{3F70EA4C-2727-4361-B43E-D69B8B71E4F5}.Release|Any CPU.Build.0 = Release|Any CPU
		{ACE48C5F-5754-4718-B671-4C25CE480303}.Debug|Any CPU.ActiveCfg = Debug|Any CPU
		{ACE48C5F-5754-4718-B671-4C25CE480303}.Debug|Any CPU.Build.0 = Debug|Any CPU
		{ACE48C5F-5754-4718-B671-4C25CE480303}.Release|Any CPU.ActiveCfg = Release|Any CPU
		{ACE48C5F-5754-4718-B671-4C25CE480303}.Release|Any CPU.Build.0 = Release|Any CPU
		{D83B54EC-DCE3-47DB-A37F-CE656A381318}.Debug|Any CPU.ActiveCfg = Debug|Any CPU
		{D83B54EC-DCE3-47DB-A37F-CE656A381318}.Debug|Any CPU.Build.0 = Debug|Any CPU
		{D83B54EC-DCE3-47DB-A37F-CE656A381318}.Release|Any CPU.ActiveCfg = Release|Any CPU
		{D83B54EC-DCE3-47DB-A37F-CE656A381318}.Release|Any CPU.Build.0 = Release|Any CPU
		{0DD2C505-AB8C-492B-B6C7-0B4533FC50FB}.Debug|Any CPU.ActiveCfg = Debug|Any CPU
		{0DD2C505-AB8C-492B-B6C7-0B4533FC50FB}.Debug|Any CPU.Build.0 = Debug|Any CPU
		{0DD2C505-AB8C-492B-B6C7-0B4533FC50FB}.Release|Any CPU.ActiveCfg = Release|Any CPU
		{0DD2C505-AB8C-492B-B6C7-0B4533FC50FB}.Release|Any CPU.Build.0 = Release|Any CPU
		{DAF1F3F4-9B04-4566-B2A7-8A9E8917FCD1}.Debug|Any CPU.ActiveCfg = Debug|Any CPU
		{DAF1F3F4-9B04-4566-B2A7-8A9E8917FCD1}.Debug|Any CPU.Build.0 = Debug|Any CPU
		{DAF1F3F4-9B04-4566-B2A7-8A9E8917FCD1}.Release|Any CPU.ActiveCfg = Release|Any CPU
		{DAF1F3F4-9B04-4566-B2A7-8A9E8917FCD1}.Release|Any CPU.Build.0 = Release|Any CPU
		{39415173-D3CE-435A-90BC-6D583925D0A7}.Debug|Any CPU.ActiveCfg = Debug|Any CPU
		{39415173-D3CE-435A-90BC-6D583925D0A7}.Debug|Any CPU.Build.0 = Debug|Any CPU
		{39415173-D3CE-435A-90BC-6D583925D0A7}.Release|Any CPU.ActiveCfg = Release|Any CPU
		{39415173-D3CE-435A-90BC-6D583925D0A7}.Release|Any CPU.Build.0 = Release|Any CPU
	EndGlobalSection
	GlobalSection(SolutionProperties) = preSolution
		HideSolutionNode = FALSE
	EndGlobalSection
	GlobalSection(NestedProjects) = preSolution
		{70D005D3-A682-4DCB-BDBF-C822E6D48274} = {09789F64-CC7D-483F-9DA1-51108E08A4CA}
		{BB397055-9F3E-4F43-B51A-D43BF5C6C036} = {0EF88876-27C5-4AE3-8E56-3BD165A31A00}
		{D679B2EC-90FE-46A0-95CA-5457AB13A81E} = {0EF88876-27C5-4AE3-8E56-3BD165A31A00}
		{7E5458F4-34EE-4973-B461-4BAD11ED5006} = {0EF88876-27C5-4AE3-8E56-3BD165A31A00}
		{54DA48D2-C0B0-46B3-81E3-2D35E3569265} = {A6C93824-6D6D-42BC-8092-ACA9A960DA92}
		{EE529F6F-0A48-4B6B-ADB0-F1E560A5F9FB} = {A6C93824-6D6D-42BC-8092-ACA9A960DA92}
		{3F70EA4C-2727-4361-B43E-D69B8B71E4F5} = {EE529F6F-0A48-4B6B-ADB0-F1E560A5F9FB}
		{759E39F3-144D-4286-928B-41D6BCC4BB35} = {A6C93824-6D6D-42BC-8092-ACA9A960DA92}
		{ACE48C5F-5754-4718-B671-4C25CE480303} = {759E39F3-144D-4286-928B-41D6BCC4BB35}
		{D83B54EC-DCE3-47DB-A37F-CE656A381318} = {8FE56D35-B064-4318-BA94-68DDF9F41355}
		{446AFE77-F322-4B7B-ABF3-8C8D3A025DA2} = {206F1B8D-79D8-4F29-A95F-4CB8FE2D3EFE}
		{ADFD6147-71D1-4526-9939-477760F7E2CF} = {206F1B8D-79D8-4F29-A95F-4CB8FE2D3EFE}
		{0DD2C505-AB8C-492B-B6C7-0B4533FC50FB} = {206F1B8D-79D8-4F29-A95F-4CB8FE2D3EFE}
		{DAF1F3F4-9B04-4566-B2A7-8A9E8917FCD1} = {446AFE77-F322-4B7B-ABF3-8C8D3A025DA2}
		{39415173-D3CE-435A-90BC-6D583925D0A7} = {ADFD6147-71D1-4526-9939-477760F7E2CF}
	EndGlobalSection
	GlobalSection(ExtensibilityGlobals) = postSolution
		SolutionGuid = {6FC8047F-5697-4AA8-B0A3-6DEAA0F52203}
	EndGlobalSection
EndGlobal
